
Microsoft Visual Studio Solution File, Format Version 12.00
# Visual Studio Version 17
VisualStudioVersion = 17.9.34701.34
MinimumVisualStudioVersion = 10.0.40219.1
Project("{FAE04EC0-301F-11D3-BF4B-00C04F79EFBC}") = "RegistroEventoAssociadov4", "RegistroEventoAssociadov4\RegistroEventoAssociadov4.csproj", "{C635B55D-FE23-40E7-884C-BC35A464217E}"
EndProject
Global
	GlobalSection(SolutionConfigurationPlatforms) = preSolution
		Debug|Any CPU = Debug|Any CPU
		Release|Any CPU = Release|Any CPU
	EndGlobalSection
	GlobalSection(ProjectConfigurationPlatforms) = postSolution
		{C635B55D-FE23-40E7-884C-BC35A464217E}.Debug|Any CPU.ActiveCfg = Debug|Any CPU
		{C635B55D-FE23-40E7-884C-BC35A464217E}.Debug|Any CPU.Build.0 = Debug|Any CPU
		{C635B55D-FE23-40E7-884C-BC35A464217E}.Release|Any CPU.ActiveCfg = Release|Any CPU
		{C635B55D-FE23-40E7-884C-BC35A464217E}.Release|Any CPU.Build.0 = Release|Any CPU
	EndGlobalSection
	GlobalSection(SolutionProperties) = preSolution
		HideSolutionNode = FALSE
	EndGlobalSection
	GlobalSection(ExtensibilityGlobals) = postSolution
		SolutionGuid = {BF047D31-BDB3-4450-BDB9-4326F4BFB99A}
	EndGlobalSection
EndGlobal
